PODS:
  - KeychainAccess (4.1.0)
  - ReachabilitySwift (5.0.0)
  - Reveal-SDK (24)

DEPENDENCIES:
  - KeychainAccess (~> 4.1.0)
  - ReachabilitySwift (~> 5.0.0)
  - Reveal-SDK

SPEC REPOS:
  trunk:
    - KeychainAccess
    - ReachabilitySwift
    - Reveal-SDK

SPEC CHECKSUMS:
  KeychainAccess: 445e28864fe6d3458b41fa211bcdc39890e8bd5a
  ReachabilitySwift: 985039c6f7b23a1da463388634119492ff86c825
  Reveal-SDK: 5d7e56b8f018c0a88b3a2c10bf68d598bbd3b071

PODFILE CHECKSUM: 391af4ccd9df8fd3d2a86c3b8934f039f66b5129

COCOAPODS: 1.9.1
